
Microsoft Visual Studio Solution File, Format Version 12.00
# Visual Studio Version 17
VisualStudioVersion = 17.4.33205.214
MinimumVisualStudioVersion = 10.0.40219.1
Project("{FAE04EC0-301F-11D3-BF4B-00C04F79EFBC}") = "StopWatch", "StopWatch\StopWatch.csproj", "{D4340F63-5304-4502-AA2C-DD90FBFF6786}"
EndProject
Global
	GlobalSection(SolutionConfigurationPlatforms) = preSolution
		Debug|Any CPU = Debug|Any CPU
		Release|Any CPU = Release|Any CPU
	EndGlobalSection
	GlobalSection(ProjectConfigurationPlatforms) = postSolution
		{D4340F63-5304-4502-AA2C-DD90FBFF6786}.Debug|Any CPU.ActiveCfg = Debug|Any CPU
		{D4340F63-5304-4502-AA2C-DD90FBFF6786}.Debug|Any CPU.Build.0 = Debug|Any CPU
		{D4340F63-5304-4502-AA2C-DD90FBFF6786}.Release|Any CPU.ActiveCfg = Release|Any CPU
		{D4340F63-5304-4502-AA2C-DD90FBFF6786}.Release|Any CPU.Build.0 = Release|Any CPU
	EndGlobalSection
	GlobalSection(SolutionProperties) = preSolution
		HideSolutionNode = FALSE
	EndGlobalSection
	GlobalSection(ExtensibilityGlobals) = postSolution
		SolutionGuid = {C0171BEB-D16D-421A-98DE-4353A780A2EB}
	EndGlobalSection
EndGlobal
